
Microsoft Visual Studio Solution File, Format Version 12.00
# Visual Studio 15
VisualStudioVersion = 15.0.28307.757
MinimumVisualStudioVersion = 10.0.40219.1
Project("{8BC9CEB8-8B4A-11D0-8D11-00A0C91BC942}") = "Triangulation", "Triangulation\Triangulation.vcxproj", "{D9D62D6A-054F-4CF1-9D64-579D497100D6}"
EndProject
Global
	GlobalSection(SolutionConfigurationPlatforms) = preSolution
		Debug|x64 = Debug|x64
		Release|x64 = Release|x64
	EndGlobalSection
	GlobalSection(ProjectConfigurationPlatforms) = postSolution
		{D9D62D6A-054F-4CF1-9D64-579D497100D6}.Debug|x64.ActiveCfg = Debug|x64
		{D9D62D6A-054F-4CF1-9D64-579D497100D6}.Debug|x64.Build.0 = Debug|x64
		{D9D62D6A-054F-4CF1-9D64-579D497100D6}.Release|x64.ActiveCfg = Release|x64
		{D9D62D6A-054F-4CF1-9D64-579D497100D6}.Release|x64.Build.0 = Release|x64
	EndGlobalSection
	GlobalSection(SolutionProperties) = preSolution
		HideSolutionNode = FALSE
	EndGlobalSection
	GlobalSection(ExtensibilityGlobals) = postSolution
		SolutionGuid = {7962CB36-C856-4F43-95BB-584ED0E14C9A}
	EndGlobalSection
EndGlobal
